// !$*UTF8*$!
{
	archiveVersion = 1;
	classes = {
	};
	objectVersion = 50;
	objects = {

/* Begin PBXBuildFile section */
		C164F1AE244FDC4900091103 /* CalendarDayCell.swift in Sources */ = {isa = PBXBuildFile; fileRef = C164F1AD244FDC4900091103 /* CalendarDayCell.swift */; };
		C164F1B0244FDC5600091103 /* CalendarTimeCell.swift in Sources */ = {isa = PBXBuildFile; fileRef = C164F1AF244FDC5600091103 /* CalendarTimeCell.swift */; };
		C1BF2D78244F95F1000DEBD2 /* EventDetailView.swift in Sources */ = {isa = PBXBuildFile; fileRef = C1BF2D77244F95F0000DEBD2 /* EventDetailView.swift */; };
		C1BF2D7A244F96D9000DEBD2 /* CalendarCarouselView.swift in Sources */ = {isa = PBXBuildFile; fileRef = C1BF2D79244F96D9000DEBD2 /* CalendarCarouselView.swift */; };
		C1BF2D7C244FC91D000DEBD2 /* DataManager.swift in Sources */ = {isa = PBXBuildFile; fileRef = C1BF2D7B244FC91D000DEBD2 /* DataManager.swift */; };
		C1D69023244FDB67008E2208 /* CalendarCollectionViewDataSource.swift in Sources */ = {isa = PBXBuildFile; fileRef = C1D69022244FDB67008E2208 /* CalendarCollectionViewDataSource.swift */; };
		D5DA99FA244CE1310048E20F /* AppDelegate.swift in Sources */ = {isa = PBXBuildFile; fileRef = D5DA99F9244CE1310048E20F /* AppDelegate.swift */; };
		D5DA99FC244CE1310048E20F /* SceneDelegate.swift in Sources */ = {isa = PBXBuildFile; fileRef = D5DA99FB244CE1310048E20F /* SceneDelegate.swift */; };
		D5DA99FE244CE1310048E20F /* EventsViewController.swift in Sources */ = {isa = PBXBuildFile; fileRef = D5DA99FD244CE1310048E20F /* EventsViewController.swift */; };
		D5DA9A01244CE1310048E20F /* Main.storyboard in Resources */ = {isa = PBXBuildFile; fileRef = D5DA99FF244CE1310048E20F /* Main.storyboard */; };
		D5DA9A04244CE1310048E20F /* WellsFargo.xcdatamodeld in Sources */ = {isa = PBXBuildFile; fileRef = D5DA9A02244CE1310048E20F /* WellsFargo.xcdatamodeld */; };
		D5DA9A06244CE1360048E20F /* Assets.xcassets in Resources */ = {isa = PBXBuildFile; fileRef = D5DA9A05244CE1360048E20F /* Assets.xcassets */; };
		D5DA9A09244CE1360048E20F /* LaunchScreen.storyboard in Resources */ = {isa = PBXBuildFile; fileRef = D5DA9A07244CE1360048E20F /* LaunchScreen.storyboard */; };
		D5DA9A14244CE1360048E20F /* WellsFargoTests.swift in Sources */ = {isa = PBXBuildFile; fileRef = D5DA9A13244CE1360048E20F /* WellsFargoTests.swift */; };
		D5DA9A1F244CE1360048E20F /* WellsFargoUITests.swift in Sources */ = {isa = PBXBuildFile; fileRef = D5DA9A1E244CE1360048E20F /* WellsFargoUITests.swift */; };
		D5DA9A30244CE1D60048E20F /* Event.swift in Sources */ = {isa = PBXBuildFile; fileRef = D5DA9A2F244CE1D60048E20F /* Event.swift */; };
		D5DA9A32244CE2E60048E20F /* EventDetailViewController.swift in Sources */ = {isa = PBXBuildFile; fileRef = D5DA9A31244CE2E60048E20F /* EventDetailViewController.swift */; };
		D5DA9A34244CE5290048E20F /* EventCollectionViewHandler.swift in Sources */ = {isa = PBXBuildFile; fileRef = D5DA9A33244CE5290048E20F /* EventCollectionViewHandler.swift */; };
		D5DA9A36244D33530048E20F /* EventCell.swift in Sources */ = {isa = PBXBuildFile; fileRef = D5DA9A35244D33530048E20F /* EventCell.swift */; };
/* End PBXBuildFile section */

/* Begin PBXContainerItemProxy section */
		D5DA9A10244CE1360048E20F /* PBXContainerItemProxy */ = {
			isa = PBXContainerItemProxy;
			containerPortal = D5DA99EE244CE1300048E20F /* Project object */;
			proxyType = 1;
			remoteGlobalIDString = D5DA99F5244CE1300048E20F;
			remoteInfo = WellsFargo;
		};
		D5DA9A1B244CE1360048E20F /* PBXContainerItemProxy */ = {
			isa = PBXContainerItemProxy;
			containerPortal = D5DA99EE244CE1300048E20F /* Project object */;
			proxyType = 1;
			remoteGlobalIDString = D5DA99F5244CE1300048E20F;
			remoteInfo = WellsFargo;
		};
/* End PBXContainerItemProxy section */

/* Begin PBXFileReference section */
		C164F1AD244FDC4900091103 /* CalendarDayCell.swift */ = {isa = PBXFileReference; lastKnownFileType = sourcecode.swift; path = CalendarDayCell.swift; sourceTree = "<group>"; };
		C164F1AF244FDC5600091103 /* CalendarTimeCell.swift */ = {isa = PBXFileReference; lastKnownFileType = sourcecode.swift; path = CalendarTimeCell.swift; sourceTree = "<group>"; };
		C1BF2D77244F95F0000DEBD2 /* EventDetailView.swift */ = {isa = PBXFileReference; lastKnownFileType = sourcecode.swift; path = EventDetailView.swift; sourceTree = "<group>"; };
		C1BF2D79244F96D9000DEBD2 /* CalendarCarouselView.swift */ = {isa = PBXFileReference; lastKnownFileType = sourcecode.swift; path = CalendarCarouselView.swift; sourceTree = "<group>"; };
		C1BF2D7B244FC91D000DEBD2 /* DataManager.swift */ = {isa = PBXFileReference; lastKnownFileType = sourcecode.swift; path = DataManager.swift; sourceTree = "<group>"; };
		C1D69022244FDB67008E2208 /* CalendarCollectionViewDataSource.swift */ = {isa = PBXFileReference; lastKnownFileType = sourcecode.swift; path = CalendarCollectionViewDataSource.swift; sourceTree = "<group>"; };
		D5DA99F6244CE1300048E20F /* WellsFargo.app */ = {isa = PBXFileReference; explicitFileType = wrapper.application; includeInIndex = 0; path = WellsFargo.app; sourceTree = BUILT_PRODUCTS_DIR; };
		D5DA99F9244CE1310048E20F /* AppDelegate.swift */ = {isa = PBXFileReference; lastKnownFileType = sourcecode.swift; path = AppDelegate.swift; sourceTree = "<group>"; };
		D5DA99FB244CE1310048E20F /* SceneDelegate.swift */ = {isa = PBXFileReference; lastKnownFileType = sourcecode.swift; path = SceneDelegate.swift; sourceTree = "<group>"; };
		D5DA99FD244CE1310048E20F /* EventsViewController.swift */ = {isa = PBXFileReference; lastKnownFileType = sourcecode.swift; path = EventsViewController.swift; sourceTree = "<group>"; };
		D5DA9A00244CE1310048E20F /* Base */ = {isa = PBXFileReference; lastKnownFileType = file.storyboard; name = Base; path = Base.lproj/Main.storyboard; sourceTree = "<group>"; };
		D5DA9A03244CE1310048E20F /* WellsFargo.xcdatamodel */ = {isa = PBXFileReference; lastKnownFileType = wrapper.xcdatamodel; path = WellsFargo.xcdatamodel; sourceTree = "<group>"; };
		D5DA9A05244CE1360048E20F /* Assets.xcassets */ = {isa = PBXFileReference; lastKnownFileType = folder.assetcatalog; path = Assets.xcassets; sourceTree = "<group>"; };
		D5DA9A08244CE1360048E20F /* Base */ = {isa = PBXFileReference; lastKnownFileType = file.storyboard; name = Base; path = Base.lproj/LaunchScreen.storyboard; sourceTree = "<group>"; };
		D5DA9A0A244CE1360048E20F /* Info.plist */ = {isa = PBXFileReference; lastKnownFileType = text.plist.xml; path = Info.plist; sourceTree = "<group>"; };
		D5DA9A0F244CE1360048E20F /* WellsFargoTests.xctest */ = {isa = PBXFileReference; explicitFileType = wrapper.cfbundle; includeInIndex = 0; path = WellsFargoTests.xctest; sourceTree = BUILT_PRODUCTS_DIR; };
		D5DA9A13244CE1360048E20F /* WellsFargoTests.swift */ = {isa = PBXFileReference; lastKnownFileType = sourcecode.swift; path = WellsFargoTests.swift; sourceTree = "<group>"; };
		D5DA9A15244CE1360048E20F /* Info.plist */ = {isa = PBXFileReference; lastKnownFileType = text.plist.xml; path = Info.plist; sourceTree = "<group>"; };
		D5DA9A1A244CE1360048E20F /* WellsFargoUITests.xctest */ = {isa = PBXFileReference; explicitFileType = wrapper.cfbundle; includeInIndex = 0; path = WellsFargoUITests.xctest; sourceTree = BUILT_PRODUCTS_DIR; };
		D5DA9A1E244CE1360048E20F /* WellsFargoUITests.swift */ = {isa = PBXFileReference; lastKnownFileType = sourcecode.swift; path = WellsFargoUITests.swift; sourceTree = "<group>"; };
		D5DA9A20244CE1360048E20F /* Info.plist */ = {isa = PBXFileReference; lastKnownFileType = text.plist.xml; path = Info.plist; sourceTree = "<group>"; };
		D5DA9A2F244CE1D60048E20F /* Event.swift */ = {isa = PBXFileReference; lastKnownFileType = sourcecode.swift; path = Event.swift; sourceTree = "<group>"; };
		D5DA9A31244CE2E60048E20F /* EventDetailViewController.swift */ = {isa = PBXFileReference; lastKnownFileType = sourcecode.swift; path = EventDetailViewController.swift; sourceTree = "<group>"; };
		D5DA9A33244CE5290048E20F /* EventCollectionViewHandler.swift */ = {isa = PBXFileReference; lastKnownFileType = sourcecode.swift; name = EventCollectionViewHandler.swift; path = WellsFargo/Controller/Managers/EventCollectionViewHandler.swift; sourceTree = SOURCE_ROOT; };
		D5DA9A35244D33530048E20F /* EventCell.swift */ = {isa = PBXFileReference; lastKnownFileType = sourcecode.swift; path = EventCell.swift; sourceTree = "<group>"; };
/* End PBXFileReference section */

/* Begin PBXFrameworksBuildPhase section */
		D5DA99F3244CE1300048E20F /* Frameworks */ = {
			isa = PBXFrameworksBuildPhase;
			buildActionMask = 2147483647;
			files = (
			);
			runOnlyForDeploymentPostprocessing = 0;
		};
		D5DA9A0C244CE1360048E20F /* Frameworks */ = {
			isa = PBXFrameworksBuildPhase;
			buildActionMask = 2147483647;
			files = (
			);
			runOnlyForDeploymentPostprocessing = 0;
		};
		D5DA9A17244CE1360048E20F /* Frameworks */ = {
			isa = PBXFrameworksBuildPhase;
			buildActionMask = 2147483647;
			files = (
			);
			runOnlyForDeploymentPostprocessing = 0;
		};
/* End PBXFrameworksBuildPhase section */

/* Begin PBXGroup section */
		C1D69021244FD357008E2208 /* Managers */ = {
			isa = PBXGroup;
			children = (
				C1BF2D7B244FC91D000DEBD2 /* DataManager.swift */,
				D5DA9A33244CE5290048E20F /* EventCollectionViewHandler.swift */,
				C1D69022244FDB67008E2208 /* CalendarCollectionViewDataSource.swift */,
			);
			path = Managers;
			sourceTree = "<group>";
		};
		D5DA99ED244CE1300048E20F = {
			isa = PBXGroup;
			children = (
				D5DA99F8244CE1300048E20F /* WellsFargo */,
				D5DA9A12244CE1360048E20F /* WellsFargoTests */,
				D5DA9A1D244CE1360048E20F /* WellsFargoUITests */,
				D5DA99F7244CE1300048E20F /* Products */,
			);
			sourceTree = "<group>";
		};
		D5DA99F7244CE1300048E20F /* Products */ = {
			isa = PBXGroup;
			children = (
				D5DA99F6244CE1300048E20F /* WellsFargo.app */,
				D5DA9A0F244CE1360048E20F /* WellsFargoTests.xctest */,
				D5DA9A1A244CE1360048E20F /* WellsFargoUITests.xctest */,
			);
			name = Products;
			sourceTree = "<group>";
		};
		D5DA99F8244CE1300048E20F /* WellsFargo */ = {
			isa = PBXGroup;
			children = (
				D5DA99F9244CE1310048E20F /* AppDelegate.swift */,
				D5DA99FB244CE1310048E20F /* SceneDelegate.swift */,
				D5DA9A2E244CE1C10048E20F /* Model */,
				D5DA9A2D244CE1BC0048E20F /* View */,
				D5DA9A2C244CE1B50048E20F /* Controller */,
				D5DA99FF244CE1310048E20F /* Main.storyboard */,
				D5DA9A05244CE1360048E20F /* Assets.xcassets */,
				D5DA9A07244CE1360048E20F /* LaunchScreen.storyboard */,
				D5DA9A0A244CE1360048E20F /* Info.plist */,
				D5DA9A02244CE1310048E20F /* WellsFargo.xcdatamodeld */,
			);
			path = WellsFargo;
			sourceTree = "<group>";
		};
		D5DA9A12244CE1360048E20F /* WellsFargoTests */ = {
			isa = PBXGroup;
			children = (
				D5DA9A13244CE1360048E20F /* WellsFargoTests.swift */,
				D5DA9A15244CE1360048E20F /* Info.plist */,
			);
			path = WellsFargoTests;
			sourceTree = "<group>";
		};
		D5DA9A1D244CE1360048E20F /* WellsFargoUITests */ = {
			isa = PBXGroup;
			children = (
				D5DA9A1E244CE1360048E20F /* WellsFargoUITests.swift */,
				D5DA9A20244CE1360048E20F /* Info.plist */,
			);
			path = WellsFargoUITests;
			sourceTree = "<group>";
		};
		D5DA9A2C244CE1B50048E20F /* Controller */ = {
			isa = PBXGroup;
			children = (
				D5DA99FD244CE1310048E20F /* EventsViewController.swift */,
				C1D69021244FD357008E2208 /* Managers */,
				D5DA9A31244CE2E60048E20F /* EventDetailViewController.swift */,
			);
			path = Controller;
			sourceTree = "<group>";
		};
		D5DA9A2D244CE1BC0048E20F /* View */ = {
			isa = PBXGroup;
			children = (
				D5DA9A35244D33530048E20F /* EventCell.swift */,
				C164F1AD244FDC4900091103 /* CalendarDayCell.swift */,
				C164F1AF244FDC5600091103 /* CalendarTimeCell.swift */,
				C1BF2D77244F95F0000DEBD2 /* EventDetailView.swift */,
				C1BF2D79244F96D9000DEBD2 /* CalendarCarouselView.swift */,
			);
			path = View;
			sourceTree = "<group>";
		};
		D5DA9A2E244CE1C10048E20F /* Model */ = {
			isa = PBXGroup;
			children = (
				D5DA9A2F244CE1D60048E20F /* Event.swift */,
			);
			path = Model;
			sourceTree = "<group>";
		};
/* End PBXGroup section */

/* Begin PBXNativeTarget section */
		D5DA99F5244CE1300048E20F /* WellsFargo */ = {
			isa = PBXNativeTarget;
			buildConfigurationList = D5DA9A23244CE1360048E20F /* Build configuration list for PBXNativeTarget "WellsFargo" */;
			buildPhases = (
				D5DA99F2244CE1300048E20F /* Sources */,
				D5DA99F3244CE1300048E20F /* Frameworks */,
				D5DA99F4244CE1300048E20F /* Resources */,
			);
			buildRules = (
			);
			dependencies = (
			);
			name = WellsFargo;
			productName = WellsFargo;
			productReference = D5DA99F6244CE1300048E20F /* WellsFargo.app */;
			productType = "com.apple.product-type.application";
		};
		D5DA9A0E244CE1360048E20F /* WellsFargoTests */ = {
			isa = PBXNativeTarget;
			buildConfigurationList = D5DA9A26244CE1360048E20F /* Build configuration list for PBXNativeTarget "WellsFargoTests" */;
			buildPhases = (
				D5DA9A0B244CE1360048E20F /* Sources */,
				D5DA9A0C244CE1360048E20F /* Frameworks */,
				D5DA9A0D244CE1360048E20F /* Resources */,
			);
			buildRules = (
			);
			dependencies = (
				D5DA9A11244CE1360048E20F /* PBXTargetDependency */,
			);
			name = WellsFargoTests;
			productName = WellsFargoTests;
			productReference = D5DA9A0F244CE1360048E20F /* WellsFargoTests.xctest */;
			productType = "com.apple.product-type.bundle.unit-test";
		};
		D5DA9A19244CE1360048E20F /* WellsFargoUITests */ = {
			isa = PBXNativeTarget;
			buildConfigurationList = D5DA9A29244CE1360048E20F /* Build configuration list for PBXNativeTarget "WellsFargoUITests" */;
			buildPhases = (
				D5DA9A16244CE1360048E20F /* Sources */,
				D5DA9A17244CE1360048E20F /* Frameworks */,
				D5DA9A18244CE1360048E20F /* Resources */,
			);
			buildRules = (
			);
			dependencies = (
				D5DA9A1C244CE1360048E20F /* PBXTargetDependency */,
			);
			name = WellsFargoUITests;
			productName = WellsFargoUITests;
			productReference = D5DA9A1A244CE1360048E20F /* WellsFargoUITests.xctest */;
			productType = "com.apple.product-type.bundle.ui-testing";
		};
/* End PBXNativeTarget section */

/* Begin PBXProject section */
		D5DA99EE244CE1300048E20F /* Project object */ = {
			isa = PBXProject;
			attributes = {
				LastSwiftUpdateCheck = 1140;
				LastUpgradeCheck = 1140;
				ORGANIZATIONNAME = Terrace;
				TargetAttributes = {
					D5DA99F5244CE1300048E20F = {
						CreatedOnToolsVersion = 11.4.1;
					};
					D5DA9A0E244CE1360048E20F = {
						CreatedOnToolsVersion = 11.4.1;
						TestTargetID = D5DA99F5244CE1300048E20F;
					};
					D5DA9A19244CE1360048E20F = {
						CreatedOnToolsVersion = 11.4.1;
						TestTargetID = D5DA99F5244CE1300048E20F;
					};
				};
			};
			buildConfigurationList = D5DA99F1244CE1300048E20F /* Build configuration list for PBXProject "WellsFargo" */;
			compatibilityVersion = "Xcode 9.3";
			developmentRegion = en;
			hasScannedForEncodings = 0;
			knownRegions = (
				en,
				Base,
			);
			mainGroup = D5DA99ED244CE1300048E20F;
			productRefGroup = D5DA99F7244CE1300048E20F /* Products */;
			projectDirPath = "";
			projectRoot = "";
			targets = (
				D5DA99F5244CE1300048E20F /* WellsFargo */,
				D5DA9A0E244CE1360048E20F /* WellsFargoTests */,
				D5DA9A19244CE1360048E20F /* WellsFargoUITests */,
			);
		};
/* End PBXProject section */

/* Begin PBXResourcesBuildPhase section */
		D5DA99F4244CE1300048E20F /* Resources */ = {
			isa = PBXResourcesBuildPhase;
			buildActionMask = 2147483647;
			files = (
				D5DA9A09244CE1360048E20F /* LaunchScreen.storyboard in Resources */,
				D5DA9A06244CE1360048E20F /* Assets.xcassets in Resources */,
				D5DA9A01244CE1310048E20F /* Main.storyboard in Resources */,
			);
			runOnlyForDeploymentPostprocessing = 0;
		};
		D5DA9A0D244CE1360048E20F /* Resources */ = {
			isa = PBXResourcesBuildPhase;
			buildActionMask = 2147483647;
			files = (
			);
			runOnlyForDeploymentPostprocessing = 0;
		};
		D5DA9A18244CE1360048E20F /* Resources */ = {
			isa = PBXResourcesBuildPhase;
			buildActionMask = 2147483647;
			files = (
			);
			runOnlyForDeploymentPostprocessing = 0;
		};
/* End PBXResourcesBuildPhase section */

/* Begin PBXSourcesBuildPhase section */
		D5DA99F2244CE1300048E20F /* Sources */ = {
			isa = PBXSourcesBuildPhase;
			buildActionMask = 2147483647;
			files = (
				C164F1AE244FDC4900091103 /* CalendarDayCell.swift in Sources */,
				C1BF2D7A244F96D9000DEBD2 /* CalendarCarouselView.swift in Sources */,
				C1D69023244FDB67008E2208 /* CalendarCollectionViewDataSource.swift in Sources */,
				D5DA9A32244CE2E60048E20F /* EventDetailViewController.swift in Sources */,
				D5DA9A34244CE5290048E20F /* EventCollectionViewHandler.swift in Sources */,
				D5DA99FE244CE1310048E20F /* EventsViewController.swift in Sources */,
				D5DA9A04244CE1310048E20F /* WellsFargo.xcdatamodeld in Sources */,
				D5DA9A36244D33530048E20F /* EventCell.swift in Sources */,
				C1BF2D78244F95F1000DEBD2 /* EventDetailView.swift in Sources */,
				D5DA99FA244CE1310048E20F /* AppDelegate.swift in Sources */,
				C164F1B0244FDC5600091103 /* CalendarTimeCell.swift in Sources */,
				C1BF2D7C244FC91D000DEBD2 /* DataManager.swift in Sources */,
				D5DA99FC244CE1310048E20F /* SceneDelegate.swift in Sources */,
				D5DA9A30244CE1D60048E20F /* Event.swift in Sources */,
			);
			runOnlyForDeploymentPostprocessing = 0;
		};
		D5DA9A0B244CE1360048E20F /* Sources */ = {
			isa = PBXSourcesBuildPhase;
			buildActionMask = 2147483647;
			files = (
				D5DA9A14244CE1360048E20F /* WellsFargoTests.swift in Sources */,
			);
			runOnlyForDeploymentPostprocessing = 0;
		};
		D5DA9A16244CE1360048E20F /* Sources */ = {
			isa = PBXSourcesBuildPhase;
			buildActionMask = 2147483647;
			files = (
				D5DA9A1F244CE1360048E20F /* WellsFargoUITests.swift in Sources */,
			);
			runOnlyForDeploymentPostprocessing = 0;
		};
/* End PBXSourcesBuildPhase section */

/* Begin PBXTargetDependency section */
		D5DA9A11244CE1360048E20F /* PBXTargetDependency */ = {
			isa = PBXTargetDependency;
			target = D5DA99F5244CE1300048E20F /* WellsFargo */;
			targetProxy = D5DA9A10244CE1360048E20F /* PBXContainerItemProxy */;
		};
		D5DA9A1C244CE1360048E20F /* PBXTargetDependency */ = {
			isa = PBXTargetDependency;
			target = D5DA99F5244CE1300048E20F /* WellsFargo */;
			targetProxy = D5DA9A1B244CE1360048E20F /* PBXContainerItemProxy */;
		};
/* End PBXTargetDependency section */

/* Begin PBXVariantGroup section */
		D5DA99FF244CE1310048E20F /* Main.storyboard */ = {
			isa = PBXVariantGroup;
			children = (
				D5DA9A00244CE1310048E20F /* Base */,
			);
			name = Main.storyboard;
			sourceTree = "<group>";
		};
		D5DA9A07244CE1360048E20F /* LaunchScreen.storyboard */ = {
			isa = PBXVariantGroup;
			children = (
				D5DA9A08244CE1360048E20F /* Base */,
			);
			name = LaunchScreen.storyboard;
			sourceTree = "<group>";
		};
/* End PBXVariantGroup section */

/* Begin XCBuildConfiguration section */
		D5DA9A21244CE1360048E20F /* Debug */ = {
			isa = XCBuildConfiguration;
			buildSettings = {
				ALWAYS_SEARCH_USER_PATHS = NO;
				CLANG_ANALYZER_NONNULL = YES;
				CLANG_ANALYZER_NUMBER_OBJECT_CONVERSION = YES_AGGRESSIVE;
				CLANG_CXX_LANGUAGE_STANDARD = "gnu++14";
				CLANG_CXX_LIBRARY = "libc++";
				CLANG_ENABLE_MODULES = YES;
				CLANG_ENABLE_OBJC_ARC = YES;
				CLANG_ENABLE_OBJC_WEAK = YES;
				CLANG_WARN_BLOCK_CAPTURE_AUTORELEASING = YES;
				CLANG_WARN_BOOL_CONVERSION = YES;
				CLANG_WARN_COMMA = YES;
				CLANG_WARN_CONSTANT_CONVERSION = YES;
				CLANG_WARN_DEPRECATED_OBJC_IMPLEMENTATIONS = YES;
				CLANG_WARN_DIRECT_OBJC_ISA_USAGE = YES_ERROR;
				CLANG_WARN_DOCUMENTATION_COMMENTS = YES;
				CLANG_WARN_EMPTY_BODY = YES;
				CLANG_WARN_ENUM_CONVERSION = YES;
				CLANG_WARN_INFINITE_RECURSION = YES;
				CLANG_WARN_INT_CONVERSION = YES;
				CLANG_WARN_NON_LITERAL_NULL_CONVERSION = YES;
				CLANG_WARN_OBJC_IMPLICIT_RETAIN_SELF = YES;
				CLANG_WARN_OBJC_LITERAL_CONVERSION = YES;
				CLANG_WARN_OBJC_ROOT_CLASS = YES_ERROR;
				CLANG_WARN_RANGE_LOOP_ANALYSIS = YES;
				CLANG_WARN_STRICT_PROTOTYPES = YES;
				CLANG_WARN_SUSPICIOUS_MOVE = YES;
				CLANG_WARN_UNGUARDED_AVAILABILITY = YES_AGGRESSIVE;
				CLANG_WARN_UNREACHABLE_CODE = YES;
				CLANG_WARN__DUPLICATE_METHOD_MATCH = YES;
				COPY_PHASE_STRIP = NO;
				DEBUG_INFORMATION_FORMAT = dwarf;
				ENABLE_STRICT_OBJC_MSGSEND = YES;
				ENABLE_TESTABILITY = YES;
				GCC_C_LANGUAGE_STANDARD = gnu11;
				GCC_DYNAMIC_NO_PIC = NO;
				GCC_NO_COMMON_BLOCKS = YES;
				GCC_OPTIMIZATION_LEVEL = 0;
				GCC_PREPROCESSOR_DEFINITIONS = (
					"DEBUG=1",
					"$(inherited)",
				);
				GCC_WARN_64_TO_32_BIT_CONVERSION = YES;
				GCC_WARN_ABOUT_RETURN_TYPE = YES_ERROR;
				GCC_WARN_UNDECLARED_SELECTOR = YES;
				GCC_WARN_UNINITIALIZED_AUTOS = YES_AGGRESSIVE;
				GCC_WARN_UNUSED_FUNCTION = YES;
				GCC_WARN_UNUSED_VARIABLE = YES;
				IPHONEOS_DEPLOYMENT_TARGET = 13.4;
				MTL_ENABLE_DEBUG_INFO = INCLUDE_SOURCE;
				MTL_FAST_MATH = YES;
				ONLY_ACTIVE_ARCH = YES;
				SDKROOT = iphoneos;
				SWIFT_ACTIVE_COMPILATION_CONDITIONS = DEBUG;
				SWIFT_OPTIMIZATION_LEVEL = "-Onone";
			};
			name = Debug;
		};
		D5DA9A22244CE1360048E20F /* Release */ = {
			isa = XCBuildConfiguration;
			buildSettings = {
				ALWAYS_SEARCH_USER_PATHS = NO;
				CLANG_ANALYZER_NONNULL = YES;
				CLANG_ANALYZER_NUMBER_OBJECT_CONVERSION = YES_AGGRESSIVE;
				CLANG_CXX_LANGUAGE_STANDARD = "gnu++14";
				CLANG_CXX_LIBRARY = "libc++";
				CLANG_ENABLE_MODULES = YES;
				CLANG_ENABLE_OBJC_ARC = YES;
				CLANG_ENABLE_OBJC_WEAK = YES;
				CLANG_WARN_BLOCK_CAPTURE_AUTORELEASING = YES;
				CLANG_WARN_BOOL_CONVERSION = YES;
				CLANG_WARN_COMMA = YES;
				CLANG_WARN_CONSTANT_CONVERSION = YES;
				CLANG_WARN_DEPRECATED_OBJC_IMPLEMENTATIONS = YES;
				CLANG_WARN_DIRECT_OBJC_ISA_USAGE = YES_ERROR;
				CLANG_WARN_DOCUMENTATION_COMMENTS = YES;
				CLANG_WARN_EMPTY_BODY = YES;
				CLANG_WARN_ENUM_CONVERSION = YES;
				CLANG_WARN_INFINITE_RECURSION = YES;
				CLANG_WARN_INT_CONVERSION = YES;
				CLANG_WARN_NON_LITERAL_NULL_CONVERSION = YES;
				CLANG_WARN_OBJC_IMPLICIT_RETAIN_SELF = YES;
				CLANG_WARN_OBJC_LITERAL_CONVERSION = YES;
				CLANG_WARN_OBJC_ROOT_CLASS = YES_ERROR;
				CLANG_WARN_RANGE_LOOP_ANALYSIS = YES;
				CLANG_WARN_STRICT_PROTOTYPES = YES;
				CLANG_WARN_SUSPICIOUS_MOVE = YES;
				CLANG_WARN_UNGUARDED_AVAILABILITY = YES_AGGRESSIVE;
				CLANG_WARN_UNREACHABLE_CODE = YES;
				CLANG_WARN__DUPLICATE_METHOD_MATCH = YES;
				COPY_PHASE_STRIP = NO;
				DEBUG_INFORMATION_FORMAT = "dwarf-with-dsym";
				ENABLE_NS_ASSERTIONS = NO;
				ENABLE_STRICT_OBJC_MSGSEND = YES;
				GCC_C_LANGUAGE_STANDARD = gnu11;
				GCC_NO_COMMON_BLOCKS = YES;
				GCC_WARN_64_TO_32_BIT_CONVERSION = YES;
				GCC_WARN_ABOUT_RETURN_TYPE = YES_ERROR;
				GCC_WARN_UNDECLARED_SELECTOR = YES;
				GCC_WARN_UNINITIALIZED_AUTOS = YES_AGGRESSIVE;
				GCC_WARN_UNUSED_FUNCTION = YES;
				GCC_WARN_UNUSED_VARIABLE = YES;
				IPHONEOS_DEPLOYMENT_TARGET = 13.4;
				MTL_ENABLE_DEBUG_INFO = NO;
				MTL_FAST_MATH = YES;
				SDKROOT = iphoneos;
				SWIFT_COMPILATION_MODE = wholemodule;
				SWIFT_OPTIMIZATION_LEVEL = "-O";
				VALIDATE_PRODUCT = YES;
			};
			name = Release;
		};
		D5DA9A24244CE1360048E20F /* Debug */ = {
			isa = XCBuildConfiguration;
			buildSettings = {
				ASSETCATALOG_COMPILER_APPICON_NAME = AppIcon;
				CODE_SIGN_STYLE = Automatic;
				DEVELOPMENT_TEAM = R755VAJS54;
				INFOPLIST_FILE = WellsFargo/Info.plist;
				IPHONEOS_DEPLOYMENT_TARGET = 13.0;
				LD_RUNPATH_SEARCH_PATHS = (
					"$(inherited)",
					"@executable_path/Frameworks",
				);
				PRODUCT_BUNDLE_IDENTIFIER = Terrace.WellsFargo;
				PRODUCT_NAME = "$(TARGET_NAME)";
				SWIFT_VERSION = 5.0;
				TARGETED_DEVICE_FAMILY = 1;
			};
			name = Debug;
		};
		D5DA9A25244CE1360048E20F /* Release */ = {
			isa = XCBuildConfiguration;
			buildSettings = {
				ASSETCATALOG_COMPILER_APPICON_NAME = AppIcon;
				CODE_SIGN_STYLE = Automatic;
				DEVELOPMENT_TEAM = R755VAJS54;
				INFOPLIST_FILE = WellsFargo/Info.plist;
				IPHONEOS_DEPLOYMENT_TARGET = 13.0;
				LD_RUNPATH_SEARCH_PATHS = (
					"$(inherited)",
					"@executable_path/Frameworks",
				);
				PRODUCT_BUNDLE_IDENTIFIER = Terrace.WellsFargo;
				PRODUCT_NAME = "$(TARGET_NAME)";
				SWIFT_VERSION = 5.0;
				TARGETED_DEVICE_FAMILY = 1;
			};
			name = Release;
		};
		D5DA9A27244CE1360048E20F /* Debug */ = {
			isa = XCBuildConfiguration;
			buildSettings = {
				ALWAYS_EMBED_SWIFT_STANDARD_LIBRARIES = YES;
				BUNDLE_LOADER = "$(TEST_HOST)";
				CODE_SIGN_STYLE = Automatic;
				DEVELOPMENT_TEAM = 6TK8Q4KD6G;
				INFOPLIST_FILE = WellsFargoTests/Info.plist;
				IPHONEOS_DEPLOYMENT_TARGET = 13.4;
				LD_RUNPATH_SEARCH_PATHS = (
					"$(inherited)",
					"@executable_path/Frameworks",
					"@loader_path/Frameworks",
				);
				PRODUCT_BUNDLE_IDENTIFIER = Terrace.WellsFargoTests;
				PRODUCT_NAME = "$(TARGET_NAME)";
				SWIFT_VERSION = 5.0;
				TARGETED_DEVICE_FAMILY = "1,2";
				TEST_HOST = "$(BUILT_PRODUCTS_DIR)/WellsFargo.app/WellsFargo";
			};
			name = Debug;
		};
		D5DA9A28244CE1360048E20F /* Release */ = {
			isa = XCBuildConfiguration;
			buildSettings = {
				ALWAYS_EMBED_SWIFT_STANDARD_LIBRARIES = YES;
				BUNDLE_LOADER = "$(TEST_HOST)";
				CODE_SIGN_STYLE = Automatic;
				DEVELOPMENT_TEAM = 6TK8Q4KD6G;
				INFOPLIST_FILE = WellsFargoTests/Info.plist;
				IPHONEOS_DEPLOYMENT_TARGET = 13.4;
				LD_RUNPATH_SEARCH_PATHS = (
					"$(inherited)",
					"@executable_path/Frameworks",
					"@loader_path/Frameworks",
				);
				PRODUCT_BUNDLE_IDENTIFIER = Terrace.WellsFargoTests;
				PRODUCT_NAME = "$(TARGET_NAME)";
				SWIFT_VERSION = 5.0;
				TARGETED_DEVICE_FAMILY = "1,2";
				TEST_HOST = "$(BUILT_PRODUCTS_DIR)/WellsFargo.app/WellsFargo";
			};
			name = Release;
		};
		D5DA9A2A244CE1360048E20F /* Debug */ = {
			isa = XCBuildConfiguration;
			buildSettings = {
				ALWAYS_EMBED_SWIFT_STANDARD_LIBRARIES = YES;
				CODE_SIGN_STYLE = Automatic;
				DEVELOPMENT_TEAM = 6TK8Q4KD6G;
				INFOPLIST_FILE = WellsFargoUITests/Info.plist;
				LD_RUNPATH_SEARCH_PATHS = (
					"$(inherited)",
					"@executable_path/Frameworks",
					"@loader_path/Frameworks",
				);
				PRODUCT_BUNDLE_IDENTIFIER = Terrace.WellsFargoUITests;
				PRODUCT_NAME = "$(TARGET_NAME)";
				SWIFT_VERSION = 5.0;
				TARGETED_DEVICE_FAMILY = "1,2";
				TEST_TARGET_NAME = WellsFargo;
			};
			name = Debug;
		};
		D5DA9A2B244CE1360048E20F /* Release */ = {
			isa = XCBuildConfiguration;
			buildSettings = {
				ALWAYS_EMBED_SWIFT_STANDARD_LIBRARIES = YES;
				CODE_SIGN_STYLE = Automatic;
				DEVELOPMENT_TEAM = 6TK8Q4KD6G;
				INFOPLIST_FILE = WellsFargoUITests/Info.plist;
				LD_RUNPATH_SEARCH_PATHS = (
					"$(inherited)",
					"@executable_path/Frameworks",
					"@loader_path/Frameworks",
				);
				PRODUCT_BUNDLE_IDENTIFIER = Terrace.WellsFargoUITests;
				PRODUCT_NAME = "$(TARGET_NAME)";
				SWIFT_VERSION = 5.0;
				TARGETED_DEVICE_FAMILY = "1,2";
				TEST_TARGET_NAME = WellsFargo;
			};
			name = Release;
		};
/* End XCBuildConfiguration section */

/* Begin XCConfigurationList section */
		D5DA99F1244CE1300048E20F /* Build configuration list for PBXProject "WellsFargo" */ = {
			isa = XCConfigurationList;
			buildConfigurations = (
				D5DA9A21244CE1360048E20F /* Debug */,
				D5DA9A22244CE1360048E20F /* Release */,
			);
			defaultConfigurationIsVisible = 0;
			defaultConfigurationName = Release;
		};
		D5DA9A23244CE1360048E20F /* Build configuration list for PBXNativeTarget "WellsFargo" */ = {
			isa = XCConfigurationList;
			buildConfigurations = (
				D5DA9A24244CE1360048E20F /* Debug */,
				D5DA9A25244CE1360048E20F /* Release */,
			);
			defaultConfigurationIsVisible = 0;
			defaultConfigurationName = Release;
		};
		D5DA9A26244CE1360048E20F /* Build configuration list for PBXNativeTarget "WellsFargoTests" */ = {
			isa = XCConfigurationList;
			buildConfigurations = (
				D5DA9A27244CE1360048E20F /* Debug */,
				D5DA9A28244CE1360048E20F /* Release */,
			);
			defaultConfigurationIsVisible = 0;
			defaultConfigurationName = Release;
		};
		D5DA9A29244CE1360048E20F /* Build configuration list for PBXNativeTarget "WellsFargoUITests" */ = {
			isa = XCConfigurationList;
			buildConfigurations = (
				D5DA9A2A244CE1360048E20F /* Debug */,
				D5DA9A2B244CE1360048E20F /* Release */,
			);
			defaultConfigurationIsVisible = 0;
			defaultConfigurationName = Release;
		};
/* End XCConfigurationList section */

/* Begin XCVersionGroup section */
		D5DA9A02244CE1310048E20F /* WellsFargo.xcdatamodeld */ = {
			isa = XCVersionGroup;
			children = (
				D5DA9A03244CE1310048E20F /* WellsFargo.xcdatamodel */,
			);
			currentVersion = D5DA9A03244CE1310048E20F /* WellsFargo.xcdatamodel */;
			path = WellsFargo.xcdatamodeld;
			sourceTree = "<group>";
			versionGroupType = wrapper.xcdatamodel;
		};
/* End XCVersionGroup section */
	};
	rootObject = D5DA99EE244CE1300048E20F /* Project object */;
}
